
Microsoft Visual Studio Solution File, Format Version 12.00
# Visual Studio Version 17
VisualStudioVersion = 17.4.33205.214
MinimumVisualStudioVersion = 10.0.40219.1
Project("{FAE04EC0-301F-11D3-BF4B-00C04F79EFBC}") = "lab 1 fact", "lab 1 fact.csproj", "{30998BB1-5772-4F92-A00B-7FC8BA051833}"
EndProject
Global
	GlobalSection(SolutionConfigurationPlatforms) = preSolution
		Debug|Any CPU = Debug|Any CPU
		Release|Any CPU = Release|Any CPU
	EndGlobalSection
	GlobalSection(ProjectConfigurationPlatforms) = postSolution
		{30998BB1-5772-4F92-A00B-7FC8BA051833}.Debug|Any CPU.ActiveCfg = Debug|Any CPU
		{30998BB1-5772-4F92-A00B-7FC8BA051833}.Debug|Any CPU.Build.0 = Debug|Any CPU
		{30998BB1-5772-4F92-A00B-7FC8BA051833}.Release|Any CPU.ActiveCfg = Release|Any CPU
		{30998BB1-5772-4F92-A00B-7FC8BA051833}.Release|Any CPU.Build.0 = Release|Any CPU
	EndGlobalSection
	GlobalSection(SolutionProperties) = preSolution
		HideSolutionNode = FALSE
	EndGlobalSection
	GlobalSection(ExtensibilityGlobals) = postSolution
		SolutionGuid = {BA520DB4-9A08-4A2C-988B-AC07A72DC9EE}
	EndGlobalSection
EndGlobal
